PODS:
  - AFNetworking (2.6.3):
    - AFNetworking/NSURLConnection (= 2.6.3)
    - AFNetworking/NSURLSession (= 2.6.3)
    - AFNetworking/Reachability (= 2.6.3)
    - AFNetworking/Security (= 2.6.3)
    - AFNetworking/Serialization (= 2.6.3)
    - AFNetworking/UIKit (= 2.6.3)
  - AFNetworking/NSURLConnection (2.6.3):
    - AFNetworking/Reachability
    - AFNetworking/Security
    - AFNetworking/Serialization
  - AFNetworking/NSURLSession (2.6.3):
    - AFNetworking/Reachability
    - AFNetworking/Security
    - AFNetworking/Serialization
  - AFNetworking/Reachability (2.6.3)
  - AFNetworking/Security (2.6.3)
  - AFNetworking/Serialization (2.6.3)
  - AFNetworking/UIKit (2.6.3):
    - AFNetworking/NSURLConnection
    - AFNetworking/NSURLSession
  - BlocksKit (2.2.5):
    - BlocksKit/All (= 2.2.5)
  - BlocksKit/All (2.2.5):
    - BlocksKit/Core
    - BlocksKit/DynamicDelegate
    - BlocksKit/MessageUI
    - BlocksKit/UIKit
  - BlocksKit/Core (2.2.5)
  - BlocksKit/DynamicDelegate (2.2.5)
  - BlocksKit/MessageUI (2.2.5):
    - BlocksKit/Core
    - BlocksKit/DynamicDelegate
  - BlocksKit/UIKit (2.2.5):
    - BlocksKit/Core
    - BlocksKit/DynamicDelegate
  - Bolts (1.8.4):
    - Bolts/AppLinks (= 1.8.4)
    - Bolts/Tasks (= 1.8.4)
  - Bolts/AppLinks (1.8.4):
    - Bolts/Tasks
  - Bolts/Tasks (1.8.4)
  - Crashlytics (3.7.0):
    - Fabric (~> 1.6.3)
  - DateTools (1.7.0)
  - Fabric (1.6.6)
  - FBSDKCoreKit (4.10.0):
    - Bolts (~> 1.5)
  - FBSDKLoginKit (4.10.0):
    - FBSDKCoreKit
  - FDTake (0.2.4):
    - TWCommonLib
  - FLKAutoLayout (0.2.1)
  - KZAsserts (1.0)
  - KZPropertyMapper (2.6)
  - LBDelegateMatrioska (0.0.2)
  - MagicalRecord (2.3.2):
    - MagicalRecord/Core (= 2.3.2)
  - MagicalRecord/Core (2.3.2)
  - MGSpotyViewController (0.4.8.1)
  - Mixpanel (2.9.0):
    - Mixpanel/Mixpanel (= 2.9.0)
  - Mixpanel/Mixpanel (2.9.0)
  - NSString+RemoveEmoji (0.1.1)
  - RichEditorView (3.2.0)
  - TTTAttributedLabel (1.13.4)
  - TWCommonLib (0.9):
    - BlocksKit (= 2.2.5)
    - FLKAutoLayout (= 0.2.1)
    - KZAsserts (= 1.0)
    - LBDelegateMatrioska (= 0.0.2)
    - MagicalRecord (= 2.3.2)
    - UIAlertView-Blocks (= 1.0)
  - Typhoon (3.4.5):
    - Typhoon/no-arc (= 3.4.5)
  - Typhoon/no-arc (3.4.5)
  - UIAlertView-Blocks (1.0)
  - UITextView+Placeholder (1.1.1)
  - XRSA (1.1.0)
  - YCameraView (0.2.0)

DEPENDENCIES:
  - AFNetworking (= 2.6.3)
  - BlocksKit (= 2.2.5)
  - Crashlytics (= 3.7.0)
  - DateTools (= 1.7.0)
  - Fabric (= 1.6.6)
  - FBSDKCoreKit (= 4.10.0)
  - FBSDKLoginKit (= 4.10.0)
  - FDTake (from `../FDTake`)
  - FLKAutoLayout (= 0.2.1)
  - KZAsserts (= 1.0)
  - KZPropertyMapper (= 2.6)
  - MagicalRecord (= 2.3.2)
  - MGSpotyViewController (from `git@bitbucket.org:twyszomirski/mgspotyviewcontroller.git`, branch `master`)
  - Mixpanel (= 2.9.0)
  - NSString+RemoveEmoji (= 0.1.1)
  - RichEditorView (from `../RichEditorView`)
  - TTTAttributedLabel (= 1.13.4)
  - TWCommonLib (from `../TWCommonLib`)
  - Typhoon (= 3.4.5)
  - UIAlertView-Blocks (= 1.0)
  - UITextView+Placeholder (= 1.1.1)
  - XRSA (from `https://github.com/wyszo/XRSA.git`, branch `master`)
  - YCameraView (from `https://github.com/wyszo/YCameraView.git`, branch `MorePAChanges`)

EXTERNAL SOURCES:
  FDTake:
    :branch: feature/AssetsHelper
    :path: ../FDTake
  MGSpotyViewController:
    :branch: master
    :git: git@bitbucket.org:twyszomirski/mgspotyviewcontroller.git
  RichEditorView:
    :path: ../RichEditorView
  TWCommonLib:
    :path: ../TWCommonLib
  XRSA:
    :branch: master
    :git: https://github.com/wyszo/XRSA.git
  YCameraView:
    :branch: MorePAChanges
    :git: https://github.com/wyszo/YCameraView.git

CHECKOUT OPTIONS:
  MGSpotyViewController:
    :commit: a47e2eefe363283710d3325de51c33a9d6f75840
    :git: git@bitbucket.org:twyszomirski/mgspotyviewcontroller.git
  XRSA:
    :commit: cdee66f519be0b2a76679cb82ae394ae7bba8f31
    :git: https://github.com/wyszo/XRSA.git
  YCameraView:
    :commit: 38affb892d95678401684ea9aa8209e4c3c5e967
    :git: https://github.com/wyszo/YCameraView.git

SPEC CHECKSUMS:
  AFNetworking: cb8d14a848e831097108418f5d49217339d4eb60
  BlocksKit: 7f422b971407001178d181a43b99014ea2591fe6
  Bolts: 8a7995239dbe724f9cba2248b766d48b7ebdd322
  Crashlytics: c3a2333dea9e2733d2777f730910321fc9e25c0d
  DateTools: 53288ee8b905fdc75897a1e6b5cc0144b14cba60
  Fabric: 1abc1e59f11fa39ede6f690ef7309d8563e3ec59
  FBSDKCoreKit: 13bec8373fb3af94d44daf2aa1e0958687897fbd
  FBSDKLoginKit: d3d4a2e9d31954deb00bfea964167a05ca1ea976
  FDTake: 22f82a1c7060a1d60ed9ae534122694054b2ea22
  FLKAutoLayout: 9db6b30c2008d230da608e62c607b11c23b942e6
  KZAsserts: 6e613b569a33582dc94cf7a1f34a2c6d870982a7
  KZPropertyMapper: bcaabe1ec5b4368acb8092faf40666096ba9bb23
  LBDelegateMatrioska: 4af6c7c5ba142d2f24d741e360558d8a0202cfc4
  MagicalRecord: 53bed74b4323b930992a725be713e53b37d19755
  MGSpotyViewController: f0dd7ede38da4820acdb0a233939398e16014375
  Mixpanel: 42ae6168effc48481d957f7883dd8514a398738d
  NSString+RemoveEmoji: b1068058ef731c646878050972870d06bd859ce1
  RichEditorView: ad9c5caaed52794e778f3bcc164d6e1b38ffa72a
  TTTAttributedLabel: 0a2ac7b2dd726d32a070dafb01446026b11e624f
  TWCommonLib: f627605266da8f5d124dca0259943abe29ef64bc
  Typhoon: 200100687af3233ec5ed019064df3c9ffe350475
  UIAlertView-Blocks: 7904744fca618afbd2ec646608924f5e69d5acd1
  UITextView+Placeholder: a6fc3e0378f3870036ec562a7537cbf6dbae4bf6
  XRSA: efd78169cdb34f28194c140f51b49e312d996649
  YCameraView: d42d1a8a15eeda442717b688e3decc139d46a537

PODFILE CHECKSUM: 235349b197ba1f49c31bf686e1f8e2b231322b12

COCOAPODS: 1.0.1
