PODS:
  - AFNetworking (2.5.0):
    - AFNetworking/NSURLConnection (= 2.5.0)
    - AFNetworking/NSURLSession (= 2.5.0)
    - AFNetworking/Reachability (= 2.5.0)
    - AFNetworking/Security (= 2.5.0)
    - AFNetworking/Serialization (= 2.5.0)
    - AFNetworking/UIKit (= 2.5.0)
  - AFNetworking/NSURLConnection (2.5.0):
    - AFNetworking/Reachability
    - AFNetworking/Security
    - AFNetworking/Serialization
  - AFNetworking/NSURLSession (2.5.0):
    - AFNetworking/Reachability
    - AFNetworking/Security
    - AFNetworking/Serialization
  - AFNetworking/Reachability (2.5.0)
  - AFNetworking/Security (2.5.0)
  - AFNetworking/Serialization (2.5.0)
  - AFNetworking/UIKit (2.5.0):
    - AFNetworking/NSURLConnection
    - AFNetworking/NSURLSession
  - BlocksKit (2.2.5):
    - BlocksKit/All (= 2.2.5)
  - BlocksKit/All (2.2.5):
    - BlocksKit/Core
    - BlocksKit/DynamicDelegate
    - BlocksKit/MessageUI
    - BlocksKit/UIKit
  - BlocksKit/Core (2.2.5)
  - BlocksKit/DynamicDelegate (2.2.5)
  - BlocksKit/MessageUI (2.2.5):
    - BlocksKit/Core
    - BlocksKit/DynamicDelegate
  - BlocksKit/UIKit (2.2.5):
    - BlocksKit/Core
    - BlocksKit/DynamicDelegate
  - Bolts (1.2.0):
    - Bolts/AppLinks (= 1.2.0)
    - Bolts/Tasks (= 1.2.0)
  - Bolts/AppLinks (1.2.0):
    - Bolts/Tasks
  - Bolts/Tasks (1.2.0)
  - Facebook-iOS-SDK (3.22.0):
    - Bolts (~> 1.0)
  - FDTake (0.2.4)
  - FLKAutoLayout (0.2.1)
  - KZAsserts (1.0)
  - KZPropertyMapper (2.5.1)
  - MagicalRecord (2.2):
    - MagicalRecord/Core (= 2.2)
  - MagicalRecord/Core (2.2)
  - Mixpanel (2.8.1):
    - Mixpanel/Mixpanel (= 2.8.1)
  - Mixpanel/Mixpanel (2.8.1):
    - Mixpanel/MPCategoryHelpers
  - Mixpanel/MPCategoryHelpers (2.8.1)
  - NSDate+TimeAgo (1.0.3)
  - NSString+RemoveEmoji (0.0.1)
  - TWCommonLib (0.1):
    - BlocksKit (= 2.2.5)
    - KZAsserts (= 1.0)
    - UIAlertView-Blocks (= 1.0)
  - UIAlertView-Blocks (1.0)
  - UITextView+Placeholder (1.0.9)
  - YCameraView (0.2.0)

DEPENDENCIES:
  - AFNetworking (= 2.5.0)
  - BlocksKit (= 2.2.5)
  - Facebook-iOS-SDK (= 3.22.0)
  - FDTake (from `../FDTake`)
  - FLKAutoLayout (= 0.2.1)
  - KZAsserts (= 1.0)
  - KZPropertyMapper (= 2.5.1)
  - MagicalRecord (= 2.2)
  - Mixpanel (= 2.8.1)
  - NSDate+TimeAgo (= 1.0.3)
  - NSString+RemoveEmoji (= 0.0.1)
  - TWCommonLib (from `../TWCommonLib`, branch `v0_6`)
  - UIAlertView-Blocks (= 1.0)
  - UITextView+Placeholder (= 1.0.9)
  - YCameraView (from `../YCameraView`)

EXTERNAL SOURCES:
  FDTake:
    :branch: master
    :path: ../FDTake
  TWCommonLib:
    :branch: v0_6
    :git: ../TWCommonLib
  YCameraView:
    :branch: PlayerAidChanges
    :path: ../YCameraView

CHECKOUT OPTIONS:
  TWCommonLib:
    :commit: c017103ccd0cfab28f432a44ee9ed80a78920597
    :git: ../TWCommonLib

SPEC CHECKSUMS:
  AFNetworking: 96ac9bf3eda33582701cb1fcc5b896aa1e20311e
  BlocksKit: 7f422b971407001178d181a43b99014ea2591fe6
  Bolts: d176cb1e0012175589e389a9db49b85e27787576
  Facebook-iOS-SDK: 141cba3ba6c484380eb38c573110af9e4fbf8962
  FDTake: 3a718ebf9a080738334188b793d135215eeba6ab
  FLKAutoLayout: 9db6b30c2008d230da608e62c607b11c23b942e6
  KZAsserts: 6e613b569a33582dc94cf7a1f34a2c6d870982a7
  KZPropertyMapper: e80e83aa3bc6d37a6dd55e3d04a01afcb8c23d3c
  MagicalRecord: f8a56bb87ab6552f20c4bb8681a1958a197ea3cd
  Mixpanel: 93c4825025e6380ced273ed7178496282e385077
  NSDate+TimeAgo: 416f55d2696d3744c313091c5a9280d47f8238fe
  NSString+RemoveEmoji: 3576630058fc0db0fa334ac65d573e8193b39cb6
  TWCommonLib: 8e0d014246ee084fbe0cbbcb9d91c904db249ecc
  UIAlertView-Blocks: 7904744fca618afbd2ec646608924f5e69d5acd1
  UITextView+Placeholder: 83895056749372c96febfb43f536c9b1aae3e08e
  YCameraView: d42d1a8a15eeda442717b688e3decc139d46a537

COCOAPODS: 0.38.2
