// !$*UTF8*$!
{
	archiveVersion = 1;
	classes = {
	};
	objectVersion = 46;
	objects = {

/* Begin PBXBuildFile section */
		310308A71A83CC8F00B7F921 /* TutorialTableViewCell.xib in Resources */ = {isa = PBXBuildFile; fileRef = 310308A61A83CC8F00B7F921 /* TutorialTableViewCell.xib */; };
		310308AC1A83DEC100B7F921 /* UIImageView+AvatarStyling.m in Sources */ = {isa = PBXBuildFile; fileRef = 310308AB1A83DEC100B7F921 /* UIImageView+AvatarStyling.m */; };
		310308B11A83FA9400B7F921 /* CreateTutorialViewController.m in Sources */ = {isa = PBXBuildFile; fileRef = 310308B01A83FA9400B7F921 /* CreateTutorialViewController.m */; };
		310308B51A84C94400B7F921 /* TabBarControllerHandler.m in Sources */ = {isa = PBXBuildFile; fileRef = 310308B41A84C94400B7F921 /* TabBarControllerHandler.m */; };
		310308B71A84CB8C00B7F921 /* CreateTutorialView.xib in Resources */ = {isa = PBXBuildFile; fileRef = 310308B61A84CB8C00B7F921 /* CreateTutorialView.xib */; };
		310308BD1A84D90B00B7F921 /* NavigationBarCustomizationHelper.m in Sources */ = {isa = PBXBuildFile; fileRef = 310308BC1A84D90B00B7F921 /* NavigationBarCustomizationHelper.m */; };
		310308C11A863F6300B7F921 /* UIView+XibLoading.m in Sources */ = {isa = PBXBuildFile; fileRef = 310308C01A863F6300B7F921 /* UIView+XibLoading.m */; };
		31777FFA1A7F9445007057CD /* FacebookAuthenticationController.m in Sources */ = {isa = PBXBuildFile; fileRef = 31777FF91A7F9445007057CD /* FacebookAuthenticationController.m */; };
		31777FFD1A7FA5FE007057CD /* ServerCommunicationController.m in Sources */ = {isa = PBXBuildFile; fileRef = 31777FFC1A7FA5FE007057CD /* ServerCommunicationController.m */; };
		317780011A7FBFBC007057CD /* AuthenticationController.m in Sources */ = {isa = PBXBuildFile; fileRef = 317780001A7FBFBC007057CD /* AuthenticationController.m */; };
		317780051A7FC6B6007057CD /* DataExtractionHelper.m in Sources */ = {isa = PBXBuildFile; fileRef = 317780041A7FC6B6007057CD /* DataExtractionHelper.m */; };
		317780091A7FED4F007057CD /* ProfileViewController.m in Sources */ = {isa = PBXBuildFile; fileRef = 317780081A7FED4F007057CD /* ProfileViewController.m */; };
		3177800C1A7FED7A007057CD /* SettingsViewController.m in Sources */ = {isa = PBXBuildFile; fileRef = 3177800B1A7FED7A007057CD /* SettingsViewController.m */; };
		317780101A80049A007057CD /* TutorialsTableDataSource.m in Sources */ = {isa = PBXBuildFile; fileRef = 3177800F1A80049A007057CD /* TutorialsTableDataSource.m */; };
		317780191A80076C007057CD /* DataModel.xcdatamodeld in Sources */ = {isa = PBXBuildFile; fileRef = 317780171A80076C007057CD /* DataModel.xcdatamodeld */; };
		317780271A80975C007057CD /* _Section.m in Sources */ = {isa = PBXBuildFile; fileRef = 3177801C1A80975C007057CD /* _Section.m */; };
		317780281A80975C007057CD /* _Tutorial.m in Sources */ = {isa = PBXBuildFile; fileRef = 3177801E1A80975C007057CD /* _Tutorial.m */; };
		317780291A80975C007057CD /* _User.m in Sources */ = {isa = PBXBuildFile; fileRef = 317780201A80975C007057CD /* _User.m */; };
		3177802A1A80975C007057CD /* Section.m in Sources */ = {isa = PBXBuildFile; fileRef = 317780221A80975C007057CD /* Section.m */; };
		3177802B1A80975C007057CD /* Tutorial.m in Sources */ = {isa = PBXBuildFile; fileRef = 317780241A80975C007057CD /* Tutorial.m */; };
		3177802C1A80975C007057CD /* User.m in Sources */ = {isa = PBXBuildFile; fileRef = 317780261A80975C007057CD /* User.m */; };
		317780311A80DFAB007057CD /* DataModelMock.m in Sources */ = {isa = PBXBuildFile; fileRef = 317780301A80DFAB007057CD /* DataModelMock.m */; };
		317780361A80E557007057CD /* TutorialTableViewCell.m in Sources */ = {isa = PBXBuildFile; fileRef = 317780351A80E557007057CD /* TutorialTableViewCell.m */; };
		3177803A1A80ED2C007057CD /* TutorialDetailsViewController.m in Sources */ = {isa = PBXBuildFile; fileRef = 317780391A80ED2C007057CD /* TutorialDetailsViewController.m */; };
		318EEAA71A82D9B000B79E73 /* AppearanceCustomizationHelper.m in Sources */ = {isa = PBXBuildFile; fileRef = 318EEAA61A82D9B000B79E73 /* AppearanceCustomizationHelper.m */; };
		318EEAAA1A82DBBC00B79E73 /* ColorsHelper.m in Sources */ = {isa = PBXBuildFile; fileRef = 318EEAA91A82DBBC00B79E73 /* ColorsHelper.m */; };
		31B46D3E1A87AE61004EEA30 /* CreateTutorialStepButtonsView.xib in Resources */ = {isa = PBXBuildFile; fileRef = 31B46D3D1A87AE61004EEA30 /* CreateTutorialStepButtonsView.xib */; };
		31B46D421A87AF75004EEA30 /* CreateTutorialStepButtonsView.m in Sources */ = {isa = PBXBuildFile; fileRef = 31B46D411A87AF75004EEA30 /* CreateTutorialStepButtonsView.m */; };
		31B735DF1A87B4270081AE15 /* CreateTutorialHeaderView.xib in Resources */ = {isa = PBXBuildFile; fileRef = 31B735DE1A87B4270081AE15 /* CreateTutorialHeaderView.xib */; };
		31B735E41A87B52A0081AE15 /* CreateTutorialHeaderView.m in Sources */ = {isa = PBXBuildFile; fileRef = 31B735E31A87B52A0081AE15 /* CreateTutorialHeaderView.m */; };
		31B735E71A87CC280081AE15 /* CreateTutorialHeaderViewController.m in Sources */ = {isa = PBXBuildFile; fileRef = 31B735E61A87CC280081AE15 /* CreateTutorialHeaderViewController.m */; };
		31B735EA1A87D8160081AE15 /* ApplicationViewHierarchyHelper.m in Sources */ = {isa = PBXBuildFile; fileRef = 31B735E91A87D8160081AE15 /* ApplicationViewHierarchyHelper.m */; };
		31C122611A8388EB0069D49A /* PlayerInfoView.xib in Resources */ = {isa = PBXBuildFile; fileRef = 31C122601A8388EB0069D49A /* PlayerInfoView.xib */; };
		31C122651A838A530069D49A /* PlayerInfoView.m in Sources */ = {isa = PBXBuildFile; fileRef = 31C122641A838A530069D49A /* PlayerInfoView.m */; };
		31DBC1911A7F03D300740A97 /* IntroViewController.m in Sources */ = {isa = PBXBuildFile; fileRef = 31DBC1901A7F03D300740A97 /* IntroViewController.m */; };
		31DBC1951A7F150F00740A97 /* AlertFactory.m in Sources */ = {isa = PBXBuildFile; fileRef = 31DBC1941A7F150F00740A97 /* AlertFactory.m */; };
		31F116771A790F680022BD74 /* main.m in Sources */ = {isa = PBXBuildFile; fileRef = 31F116761A790F680022BD74 /* main.m */; };
		31F1167A1A790F680022BD74 /* AppDelegate.m in Sources */ = {isa = PBXBuildFile; fileRef = 31F116791A790F680022BD74 /* AppDelegate.m */; };
		31F1167D1A790F680022BD74 /* HomeViewController.m in Sources */ = {isa = PBXBuildFile; fileRef = 31F1167C1A790F680022BD74 /* HomeViewController.m */; };
		31F116801A790F680022BD74 /* BrowseTutorialsViewController.m in Sources */ = {isa = PBXBuildFile; fileRef = 31F1167F1A790F680022BD74 /* BrowseTutorialsViewController.m */; };
		31F116831A790F680022BD74 /* Main.storyboard in Resources */ = {isa = PBXBuildFile; fileRef = 31F116811A790F680022BD74 /* Main.storyboard */; };
		31F116851A790F680022BD74 /* Images.xcassets in Resources */ = {isa = PBXBuildFile; fileRef = 31F116841A790F680022BD74 /* Images.xcassets */; };
		31F116881A790F680022BD74 /* LaunchScreen.xib in Resources */ = {isa = PBXBuildFile; fileRef = 31F116861A790F680022BD74 /* LaunchScreen.xib */; };
		31F116941A790F680022BD74 /* PlayerAidTests.m in Sources */ = {isa = PBXBuildFile; fileRef = 31F116931A790F680022BD74 /* PlayerAidTests.m */; };
		E295213B5CAC5C0FFF53662C /* libPods.a in Frameworks */ = {isa = PBXBuildFile; fileRef = C4BF40B97ED22C5437512D96 /* libPods.a */; };
/* End PBXBuildFile section */

/* Begin PBXContainerItemProxy section */
		31F1168E1A790F680022BD74 /* PBXContainerItemProxy */ = {
			isa = PBXContainerItemProxy;
			containerPortal = 31F116691A790F680022BD74 /* Project object */;
			proxyType = 1;
			remoteGlobalIDString = 31F116701A790F680022BD74;
			remoteInfo = PlayerAid;
		};
/* End PBXContainerItemProxy section */

/* Begin PBXFileReference section */
		2250F9FBF5E8C664F2A00ECB /* Pods.release.xcconfig */ = {isa = PBXFileReference; includeInIndex = 1; lastKnownFileType = text.xcconfig; name = Pods.release.xcconfig; path = "Pods/Target Support Files/Pods/Pods.release.xcconfig"; sourceTree = "<group>"; };
		27B874C80D61AAD736127BBC /* Pods.debug.xcconfig */ = {isa = PBXFileReference; includeInIndex = 1; lastKnownFileType = text.xcconfig; name = Pods.debug.xcconfig; path = "Pods/Target Support Files/Pods/Pods.debug.xcconfig"; sourceTree = "<group>"; };
		310308A61A83CC8F00B7F921 /* TutorialTableViewCell.xib */ = {isa = PBXFileReference; fileEncoding = 4; lastKnownFileType = file.xib; path = TutorialTableViewCell.xib; sourceTree = "<group>"; };
		310308AA1A83DEC100B7F921 /* UIImageView+AvatarStyling.h */ = {isa = PBXFileReference; fileEncoding = 4; lastKnownFileType = sourcecode.c.h; path = "UIImageView+AvatarStyling.h"; sourceTree = "<group>"; };
		310308AB1A83DEC100B7F921 /* UIImageView+AvatarStyling.m */ = {isa = PBXFileReference; fileEncoding = 4; lastKnownFileType = sourcecode.c.objc; path = "UIImageView+AvatarStyling.m"; sourceTree = "<group>"; };
		310308AF1A83FA9400B7F921 /* CreateTutorialViewController.h */ = {isa = PBXFileReference; fileEncoding = 4; lastKnownFileType = sourcecode.c.h; path = CreateTutorialViewController.h; sourceTree = "<group>"; };
		310308B01A83FA9400B7F921 /* CreateTutorialViewController.m */ = {isa = PBXFileReference; fileEncoding = 4; lastKnownFileType = sourcecode.c.objc; path = CreateTutorialViewController.m; sourceTree = "<group>"; };
		310308B31A84C94400B7F921 /* TabBarControllerHandler.h */ = {isa = PBXFileReference; fileEncoding = 4; lastKnownFileType = sourcecode.c.h; path = TabBarControllerHandler.h; sourceTree = "<group>"; };
		310308B41A84C94400B7F921 /* TabBarControllerHandler.m */ = {isa = PBXFileReference; fileEncoding = 4; lastKnownFileType = sourcecode.c.objc; path = TabBarControllerHandler.m; sourceTree = "<group>"; };
		310308B61A84CB8C00B7F921 /* CreateTutorialView.xib */ = {isa = PBXFileReference; fileEncoding = 4; lastKnownFileType = file.xib; path = CreateTutorialView.xib; sourceTree = "<group>"; };
		310308BB1A84D90B00B7F921 /* NavigationBarCustomizationHelper.h */ = {isa = PBXFileReference; fileEncoding = 4; lastKnownFileType = sourcecode.c.h; path = NavigationBarCustomizationHelper.h; sourceTree = "<group>"; };
		310308BC1A84D90B00B7F921 /* NavigationBarCustomizationHelper.m */ = {isa = PBXFileReference; fileEncoding = 4; lastKnownFileType = sourcecode.c.objc; path = NavigationBarCustomizationHelper.m; sourceTree = "<group>"; };
		310308BF1A863F6300B7F921 /* UIView+XibLoading.h */ = {isa = PBXFileReference; fileEncoding = 4; lastKnownFileType = sourcecode.c.h; path = "UIView+XibLoading.h"; sourceTree = "<group>"; };
		310308C01A863F6300B7F921 /* UIView+XibLoading.m */ = {isa = PBXFileReference; fileEncoding = 4; lastKnownFileType = sourcecode.c.objc; path = "UIView+XibLoading.m"; sourceTree = "<group>"; };
		31777FF81A7F9445007057CD /* FacebookAuthenticationController.h */ = {isa = PBXFileReference; fileEncoding = 4; lastKnownFileType = sourcecode.c.h; path = FacebookAuthenticationController.h; sourceTree = "<group>"; };
		31777FF91A7F9445007057CD /* FacebookAuthenticationController.m */ = {isa = PBXFileReference; fileEncoding = 4; lastKnownFileType = sourcecode.c.objc; path = FacebookAuthenticationController.m; sourceTree = "<group>"; };
		31777FFB1A7FA5FE007057CD /* ServerCommunicationController.h */ = {isa = PBXFileReference; fileEncoding = 4; lastKnownFileType = sourcecode.c.h; path = ServerCommunicationController.h; sourceTree = "<group>"; };
		31777FFC1A7FA5FE007057CD /* ServerCommunicationController.m */ = {isa = PBXFileReference; fileEncoding = 4; lastKnownFileType = sourcecode.c.objc; path = ServerCommunicationController.m; sourceTree = "<group>"; };
		31777FFF1A7FBFBC007057CD /* AuthenticationController.h */ = {isa = PBXFileReference; fileEncoding = 4; lastKnownFileType = sourcecode.c.h; path = AuthenticationController.h; sourceTree = "<group>"; };
		317780001A7FBFBC007057CD /* AuthenticationController.m */ = {isa = PBXFileReference; fileEncoding = 4; lastKnownFileType = sourcecode.c.objc; path = AuthenticationController.m; sourceTree = "<group>"; };
		317780031A7FC6B6007057CD /* DataExtractionHelper.h */ = {isa = PBXFileReference; fileEncoding = 4; lastKnownFileType = sourcecode.c.h; path = DataExtractionHelper.h; sourceTree = "<group>"; };
		317780041A7FC6B6007057CD /* DataExtractionHelper.m */ = {isa = PBXFileReference; fileEncoding = 4; lastKnownFileType = sourcecode.c.objc; path = DataExtractionHelper.m; sourceTree = "<group>"; };
		317780071A7FED4F007057CD /* ProfileViewController.h */ = {isa = PBXFileReference; fileEncoding = 4; lastKnownFileType = sourcecode.c.h; path = ProfileViewController.h; sourceTree = "<group>"; };
		317780081A7FED4F007057CD /* ProfileViewController.m */ = {isa = PBXFileReference; fileEncoding = 4; lastKnownFileType = sourcecode.c.objc; path = ProfileViewController.m; sourceTree = "<group>"; };
		3177800A1A7FED7A007057CD /* SettingsViewController.h */ = {isa = PBXFileReference; fileEncoding = 4; lastKnownFileType = sourcecode.c.h; path = SettingsViewController.h; sourceTree = "<group>"; };
		3177800B1A7FED7A007057CD /* SettingsViewController.m */ = {isa = PBXFileReference; fileEncoding = 4; lastKnownFileType = sourcecode.c.objc; path = SettingsViewController.m; sourceTree = "<group>"; };
		3177800E1A80049A007057CD /* TutorialsTableDataSource.h */ = {isa = PBXFileReference; fileEncoding = 4; lastKnownFileType = sourcecode.c.h; path = TutorialsTableDataSource.h; sourceTree = "<group>"; };
		3177800F1A80049A007057CD /* TutorialsTableDataSource.m */ = {isa = PBXFileReference; fileEncoding = 4; lastKnownFileType = sourcecode.c.objc; path = TutorialsTableDataSource.m; sourceTree = "<group>"; };
		317780181A80076C007057CD /* DataModel.xcdatamodel */ = {isa = PBXFileReference; lastKnownFileType = wrapper.xcdatamodel; path = DataModel.xcdatamodel; sourceTree = "<group>"; };
		3177801B1A80975C007057CD /* _Section.h */ = {isa = PBXFileReference; fileEncoding = 4; lastKnownFileType = sourcecode.c.h; path = _Section.h; sourceTree = "<group>"; };
		3177801C1A80975C007057CD /* _Section.m */ = {isa = PBXFileReference; fileEncoding = 4; lastKnownFileType = sourcecode.c.objc; path = _Section.m; sourceTree = "<group>"; };
		3177801D1A80975C007057CD /* _Tutorial.h */ = {isa = PBXFileReference; fileEncoding = 4; lastKnownFileType = sourcecode.c.h; path = _Tutorial.h; sourceTree = "<group>"; };
		3177801E1A80975C007057CD /* _Tutorial.m */ = {isa = PBXFileReference; fileEncoding = 4; lastKnownFileType = sourcecode.c.objc; path = _Tutorial.m; sourceTree = "<group>"; };
		3177801F1A80975C007057CD /* _User.h */ = {isa = PBXFileReference; fileEncoding = 4; lastKnownFileType = sourcecode.c.h; path = _User.h; sourceTree = "<group>"; };
		317780201A80975C007057CD /* _User.m */ = {isa = PBXFileReference; fileEncoding = 4; lastKnownFileType = sourcecode.c.objc; path = _User.m; sourceTree = "<group>"; };
		317780211A80975C007057CD /* Section.h */ = {isa = PBXFileReference; fileEncoding = 4; lastKnownFileType = sourcecode.c.h; path = Section.h; sourceTree = "<group>"; };
		317780221A80975C007057CD /* Section.m */ = {isa = PBXFileReference; fileEncoding = 4; lastKnownFileType = sourcecode.c.objc; path = Section.m; sourceTree = "<group>"; };
		317780231A80975C007057CD /* Tutorial.h */ = {isa = PBXFileReference; fileEncoding = 4; lastKnownFileType = sourcecode.c.h; path = Tutorial.h; sourceTree = "<group>"; };
		317780241A80975C007057CD /* Tutorial.m */ = {isa = PBXFileReference; fileEncoding = 4; lastKnownFileType = sourcecode.c.objc; path = Tutorial.m; sourceTree = "<group>"; };
		317780251A80975C007057CD /* User.h */ = {isa = PBXFileReference; fileEncoding = 4; lastKnownFileType = sourcecode.c.h; path = User.h; sourceTree = "<group>"; };
		317780261A80975C007057CD /* User.m */ = {isa = PBXFileReference; fileEncoding = 4; lastKnownFileType = sourcecode.c.objc; path = User.m; sourceTree = "<group>"; };
		3177802F1A80DFAB007057CD /* DataModelMock.h */ = {isa = PBXFileReference; fileEncoding = 4; lastKnownFileType = sourcecode.c.h; path = DataModelMock.h; sourceTree = "<group>"; };
		317780301A80DFAB007057CD /* DataModelMock.m */ = {isa = PBXFileReference; fileEncoding = 4; lastKnownFileType = sourcecode.c.objc; path = DataModelMock.m; sourceTree = "<group>"; };
		317780341A80E557007057CD /* TutorialTableViewCell.h */ = {isa = PBXFileReference; fileEncoding = 4; lastKnownFileType = sourcecode.c.h; path = TutorialTableViewCell.h; sourceTree = "<group>"; };
		317780351A80E557007057CD /* TutorialTableViewCell.m */ = {isa = PBXFileReference; fileEncoding = 4; lastKnownFileType = sourcecode.c.objc; path = TutorialTableViewCell.m; sourceTree = "<group>"; };
		317780381A80ED2C007057CD /* TutorialDetailsViewController.h */ = {isa = PBXFileReference; fileEncoding = 4; lastKnownFileType = sourcecode.c.h; path = TutorialDetailsViewController.h; sourceTree = "<group>"; };
		317780391A80ED2C007057CD /* TutorialDetailsViewController.m */ = {isa = PBXFileReference; fileEncoding = 4; lastKnownFileType = sourcecode.c.objc; path = TutorialDetailsViewController.m; sourceTree = "<group>"; };
		318EEAA51A82D9B000B79E73 /* AppearanceCustomizationHelper.h */ = {isa = PBXFileReference; fileEncoding = 4; lastKnownFileType = sourcecode.c.h; path = AppearanceCustomizationHelper.h; sourceTree = "<group>"; };
		318EEAA61A82D9B000B79E73 /* AppearanceCustomizationHelper.m */ = {isa = PBXFileReference; fileEncoding = 4; lastKnownFileType = sourcecode.c.objc; path = AppearanceCustomizationHelper.m; sourceTree = "<group>"; };
		318EEAA81A82DBBC00B79E73 /* ColorsHelper.h */ = {isa = PBXFileReference; fileEncoding = 4; lastKnownFileType = sourcecode.c.h; path = ColorsHelper.h; sourceTree = "<group>"; };
		318EEAA91A82DBBC00B79E73 /* ColorsHelper.m */ = {isa = PBXFileReference; fileEncoding = 4; lastKnownFileType = sourcecode.c.objc; path = ColorsHelper.m; sourceTree = "<group>"; };
		31B46D3D1A87AE61004EEA30 /* CreateTutorialStepButtonsView.xib */ = {isa = PBXFileReference; fileEncoding = 4; lastKnownFileType = file.xib; path = CreateTutorialStepButtonsView.xib; sourceTree = "<group>"; };
		31B46D401A87AF75004EEA30 /* CreateTutorialStepButtonsView.h */ = {isa = PBXFileReference; fileEncoding = 4; lastKnownFileType = sourcecode.c.h; path = CreateTutorialStepButtonsView.h; sourceTree = "<group>"; };
		31B46D411A87AF75004EEA30 /* CreateTutorialStepButtonsView.m */ = {isa = PBXFileReference; fileEncoding = 4; lastKnownFileType = sourcecode.c.objc; path = CreateTutorialStepButtonsView.m; sourceTree = "<group>"; };
		31B735DE1A87B4270081AE15 /* CreateTutorialHeaderView.xib */ = {isa = PBXFileReference; fileEncoding = 4; lastKnownFileType = file.xib; path = CreateTutorialHeaderView.xib; sourceTree = "<group>"; };
		31B735E21A87B52A0081AE15 /* CreateTutorialHeaderView.h */ = {isa = PBXFileReference; fileEncoding = 4; lastKnownFileType = sourcecode.c.h; path = CreateTutorialHeaderView.h; sourceTree = "<group>"; };
		31B735E31A87B52A0081AE15 /* CreateTutorialHeaderView.m */ = {isa = PBXFileReference; fileEncoding = 4; lastKnownFileType = sourcecode.c.objc; path = CreateTutorialHeaderView.m; sourceTree = "<group>"; };
		31B735E51A87CC280081AE15 /* CreateTutorialHeaderViewController.h */ = {isa = PBXFileReference; fileEncoding = 4; lastKnownFileType = sourcecode.c.h; path = CreateTutorialHeaderViewController.h; sourceTree = "<group>"; };
		31B735E61A87CC280081AE15 /* CreateTutorialHeaderViewController.m */ = {isa = PBXFileReference; fileEncoding = 4; lastKnownFileType = sourcecode.c.objc; path = CreateTutorialHeaderViewController.m; sourceTree = "<group>"; };
		31B735E81A87D8160081AE15 /* ApplicationViewHierarchyHelper.h */ = {isa = PBXFileReference; fileEncoding = 4; lastKnownFileType = sourcecode.c.h; path = ApplicationViewHierarchyHelper.h; sourceTree = "<group>"; };
		31B735E91A87D8160081AE15 /* ApplicationViewHierarchyHelper.m */ = {isa = PBXFileReference; fileEncoding = 4; lastKnownFileType = sourcecode.c.objc; path = ApplicationViewHierarchyHelper.m; sourceTree = "<group>"; };
		31C122601A8388EB0069D49A /* PlayerInfoView.xib */ = {isa = PBXFileReference; fileEncoding = 4; lastKnownFileType = file.xib; path = PlayerInfoView.xib; sourceTree = "<group>"; };
		31C122631A838A530069D49A /* PlayerInfoView.h */ = {isa = PBXFileReference; fileEncoding = 4; lastKnownFileType = sourcecode.c.h; path = PlayerInfoView.h; sourceTree = "<group>"; };
		31C122641A838A530069D49A /* PlayerInfoView.m */ = {isa = PBXFileReference; fileEncoding = 4; lastKnownFileType = sourcecode.c.objc; path = PlayerInfoView.m; sourceTree = "<group>"; };
		31DBC18F1A7F03D300740A97 /* IntroViewController.h */ = {isa = PBXFileReference; fileEncoding = 4; lastKnownFileType = sourcecode.c.h; path = IntroViewController.h; sourceTree = "<group>"; };
		31DBC1901A7F03D300740A97 /* IntroViewController.m */ = {isa = PBXFileReference; fileEncoding = 4; lastKnownFileType = sourcecode.c.objc; path = IntroViewController.m; sourceTree = "<group>"; };
		31DBC1931A7F150F00740A97 /* AlertFactory.h */ = {isa = PBXFileReference; fileEncoding = 4; lastKnownFileType = sourcecode.c.h; path = AlertFactory.h; sourceTree = "<group>"; };
		31DBC1941A7F150F00740A97 /* AlertFactory.m */ = {isa = PBXFileReference; fileEncoding = 4; lastKnownFileType = sourcecode.c.objc; path = AlertFactory.m; sourceTree = "<group>"; };
		31F116711A790F680022BD74 /* PlayerAid.app */ = {isa = PBXFileReference; explicitFileType = wrapper.application; includeInIndex = 0; path = PlayerAid.app; sourceTree = BUILT_PRODUCTS_DIR; };
		31F116751A790F680022BD74 /* Info.plist */ = {isa = PBXFileReference; lastKnownFileType = text.plist.xml; path = Info.plist; sourceTree = "<group>"; };
		31F116761A790F680022BD74 /* main.m */ = {isa = PBXFileReference; lastKnownFileType = sourcecode.c.objc; path = main.m; sourceTree = "<group>"; };
		31F116781A790F680022BD74 /* AppDelegate.h */ = {isa = PBXFileReference; lastKnownFileType = sourcecode.c.h; path = AppDelegate.h; sourceTree = "<group>"; };
		31F116791A790F680022BD74 /* AppDelegate.m */ = {isa = PBXFileReference; lastKnownFileType = sourcecode.c.objc; path = AppDelegate.m; sourceTree = "<group>"; };
		31F1167B1A790F680022BD74 /* HomeViewController.h */ = {isa = PBXFileReference; lastKnownFileType = sourcecode.c.h; path = HomeViewController.h; sourceTree = "<group>"; };
		31F1167C1A790F680022BD74 /* HomeViewController.m */ = {isa = PBXFileReference; lastKnownFileType = sourcecode.c.objc; path = HomeViewController.m; sourceTree = "<group>"; };
		31F1167E1A790F680022BD74 /* BrowseTutorialsViewController.h */ = {isa = PBXFileReference; lastKnownFileType = sourcecode.c.h; path = BrowseTutorialsViewController.h; sourceTree = "<group>"; };
		31F1167F1A790F680022BD74 /* BrowseTutorialsViewController.m */ = {isa = PBXFileReference; lastKnownFileType = sourcecode.c.objc; path = BrowseTutorialsViewController.m; sourceTree = "<group>"; };
		31F116821A790F680022BD74 /* Base */ = {isa = PBXFileReference; lastKnownFileType = file.storyboard; name = Base; path = Base.lproj/Main.storyboard; sourceTree = "<group>"; };
		31F116841A790F680022BD74 /* Images.xcassets */ = {isa = PBXFileReference; lastKnownFileType = folder.assetcatalog; path = Images.xcassets; sourceTree = "<group>"; };
		31F116871A790F680022BD74 /* Base */ = {isa = PBXFileReference; lastKnownFileType = file.xib; name = Base; path = Base.lproj/LaunchScreen.xib; sourceTree = "<group>"; };
		31F1168D1A790F680022BD74 /* PlayerAidTests.xctest */ = {isa = PBXFileReference; explicitFileType = wrapper.cfbundle; includeInIndex = 0; path = PlayerAidTests.xctest; sourceTree = BUILT_PRODUCTS_DIR; };
		31F116921A790F680022BD74 /* Info.plist */ = {isa = PBXFileReference; lastKnownFileType = text.plist.xml; path = Info.plist; sourceTree = "<group>"; };
		31F116931A790F680022BD74 /* PlayerAidTests.m */ = {isa = PBXFileReference; lastKnownFileType = sourcecode.c.objc; path = PlayerAidTests.m; sourceTree = "<group>"; };
		C4BF40B97ED22C5437512D96 /* libPods.a */ = {isa = PBXFileReference; explicitFileType = archive.ar; includeInIndex = 0; path = libPods.a; sourceTree = BUILT_PRODUCTS_DIR; };
/* End PBXFileReference section */

/* Begin PBXFrameworksBuildPhase section */
		31F1166E1A790F680022BD74 /* Frameworks */ = {
			isa = PBXFrameworksBuildPhase;
			buildActionMask = 2147483647;
			files = (
				E295213B5CAC5C0FFF53662C /* libPods.a in Frameworks */,
			);
			runOnlyForDeploymentPostprocessing = 0;
		};
		31F1168A1A790F680022BD74 /* Frameworks */ = {
			isa = PBXFrameworksBuildPhase;
			buildActionMask = 2147483647;
			files = (
			);
			runOnlyForDeploymentPostprocessing = 0;
		};
/* End PBXFrameworksBuildPhase section */

/* Begin PBXGroup section */
		310308A91A83DE7900B7F921 /* AvatarStyling */ = {
			isa = PBXGroup;
			children = (
				310308AA1A83DEC100B7F921 /* UIImageView+AvatarStyling.h */,
				310308AB1A83DEC100B7F921 /* UIImageView+AvatarStyling.m */,
			);
			name = AvatarStyling;
			sourceTree = "<group>";
		};
		310308AD1A83DF7C00B7F921 /* Colors */ = {
			isa = PBXGroup;
			children = (
				318EEAA81A82DBBC00B79E73 /* ColorsHelper.h */,
				318EEAA91A82DBBC00B79E73 /* ColorsHelper.m */,
			);
			name = Colors;
			sourceTree = "<group>";
		};
		310308AE1A83FA7600B7F921 /* Dummy Create tutorial */ = {
			isa = PBXGroup;
			children = (
				310308AF1A83FA9400B7F921 /* CreateTutorialViewController.h */,
				310308B01A83FA9400B7F921 /* CreateTutorialViewController.m */,
			);
			name = "Dummy Create tutorial";
			sourceTree = "<group>";
		};
		310308B21A84C92F00B7F921 /* TabBarControllerHandler */ = {
			isa = PBXGroup;
			children = (
				310308B31A84C94400B7F921 /* TabBarControllerHandler.h */,
				310308B41A84C94400B7F921 /* TabBarControllerHandler.m */,
			);
			name = TabBarControllerHandler;
			sourceTree = "<group>";
		};
		310308B91A84D8DD00B7F921 /* ApplicationAppearance */ = {
			isa = PBXGroup;
			children = (
				318EEAA51A82D9B000B79E73 /* AppearanceCustomizationHelper.h */,
				318EEAA61A82D9B000B79E73 /* AppearanceCustomizationHelper.m */,
			);
			name = ApplicationAppearance;
			sourceTree = "<group>";
		};
		310308BA1A84D8E400B7F921 /* NavigationBar */ = {
			isa = PBXGroup;
			children = (
				310308BB1A84D90B00B7F921 /* NavigationBarCustomizationHelper.h */,
				310308BC1A84D90B00B7F921 /* NavigationBarCustomizationHelper.m */,
			);
			name = NavigationBar;
			sourceTree = "<group>";
		};
		310308BE1A86354F00B7F921 /* ServerCommunication */ = {
			isa = PBXGroup;
			children = (
				31777FFB1A7FA5FE007057CD /* ServerCommunicationController.h */,
				31777FFC1A7FA5FE007057CD /* ServerCommunicationController.m */,
			);
			name = ServerCommunication;
			sourceTree = "<group>";
		};
		31777FF71A7F9426007057CD /* Controllers */ = {
			isa = PBXGroup;
			children = (
				31777FFE1A7FBF84007057CD /* Authentication */,
				3177800D1A80047C007057CD /* Tutorials */,
				310308BE1A86354F00B7F921 /* ServerCommunication */,
			);
			name = Controllers;
			sourceTree = "<group>";
		};
		31777FFE1A7FBF84007057CD /* Authentication */ = {
			isa = PBXGroup;
			children = (
				317780161A800630007057CD /* FacebookAuthentication */,
				31777FFF1A7FBFBC007057CD /* AuthenticationController.h */,
				317780001A7FBFBC007057CD /* AuthenticationController.m */,
			);
			name = Authentication;
			sourceTree = "<group>";
		};
		317780021A7FC6A7007057CD /* Helpers */ = {
			isa = PBXGroup;
			children = (
				317780031A7FC6B6007057CD /* DataExtractionHelper.h */,
				317780041A7FC6B6007057CD /* DataExtractionHelper.m */,
				310308BF1A863F6300B7F921 /* UIView+XibLoading.h */,
				310308C01A863F6300B7F921 /* UIView+XibLoading.m */,
				31B735E81A87D8160081AE15 /* ApplicationViewHierarchyHelper.h */,
				31B735E91A87D8160081AE15 /* ApplicationViewHierarchyHelper.m */,
			);
			name = Helpers;
			sourceTree = "<group>";
		};
		317780061A7FED38007057CD /* Tabbar */ = {
			isa = PBXGroup;
			children = (
				310308B21A84C92F00B7F921 /* TabBarControllerHandler */,
				317780111A8005F9007057CD /* Home */,
				317780141A80060A007057CD /* Browse */,
				310308AE1A83FA7600B7F921 /* Dummy Create tutorial */,
				317780121A8005FE007057CD /* Profile */,
				317780131A800604007057CD /* Settings */,
			);
			name = Tabbar;
			sourceTree = "<group>";
		};
		3177800D1A80047C007057CD /* Tutorials */ = {
			isa = PBXGroup;
			children = (
				3177800E1A80049A007057CD /* TutorialsTableDataSource.h */,
				3177800F1A80049A007057CD /* TutorialsTableDataSource.m */,
			);
			name = Tutorials;
			sourceTree = "<group>";
		};
		317780111A8005F9007057CD /* Home */ = {
			isa = PBXGroup;
			children = (
				31F1167B1A790F680022BD74 /* HomeViewController.h */,
				31F1167C1A790F680022BD74 /* HomeViewController.m */,
				317780371A80ED0D007057CD /* TutorialDetails */,
			);
			name = Home;
			sourceTree = "<group>";
		};
		317780121A8005FE007057CD /* Profile */ = {
			isa = PBXGroup;
			children = (
				317780071A7FED4F007057CD /* ProfileViewController.h */,
				317780081A7FED4F007057CD /* ProfileViewController.m */,
			);
			name = Profile;
			sourceTree = "<group>";
		};
		317780131A800604007057CD /* Settings */ = {
			isa = PBXGroup;
			children = (
				3177800A1A7FED7A007057CD /* SettingsViewController.h */,
				3177800B1A7FED7A007057CD /* SettingsViewController.m */,
			);
			name = Settings;
			sourceTree = "<group>";
		};
		317780141A80060A007057CD /* Browse */ = {
			isa = PBXGroup;
			children = (
				31F1167E1A790F680022BD74 /* BrowseTutorialsViewController.h */,
				31F1167F1A790F680022BD74 /* BrowseTutorialsViewController.m */,
			);
			name = Browse;
			sourceTree = "<group>";
		};
		317780151A80061A007057CD /* Intro */ = {
			isa = PBXGroup;
			children = (
				31DBC18F1A7F03D300740A97 /* IntroViewController.h */,
				31DBC1901A7F03D300740A97 /* IntroViewController.m */,
			);
			name = Intro;
			sourceTree = "<group>";
		};
		317780161A800630007057CD /* FacebookAuthentication */ = {
			isa = PBXGroup;
			children = (
				31777FF81A7F9445007057CD /* FacebookAuthenticationController.h */,
				31777FF91A7F9445007057CD /* FacebookAuthenticationController.m */,
			);
			name = FacebookAuthentication;
			sourceTree = "<group>";
		};
		3177801A1A80975C007057CD /* DataModel */ = {
			isa = PBXGroup;
			children = (
				3177802E1A80976E007057CD /* Human */,
				3177802D1A809766007057CD /* Machine */,
			);
			name = DataModel;
			path = Model;
			sourceTree = "<group>";
		};
		3177802D1A809766007057CD /* Machine */ = {
			isa = PBXGroup;
			children = (
				3177801B1A80975C007057CD /* _Section.h */,
				3177801C1A80975C007057CD /* _Section.m */,
				3177801D1A80975C007057CD /* _Tutorial.h */,
				3177801E1A80975C007057CD /* _Tutorial.m */,
				3177801F1A80975C007057CD /* _User.h */,
				317780201A80975C007057CD /* _User.m */,
			);
			name = Machine;
			sourceTree = "<group>";
		};
		3177802E1A80976E007057CD /* Human */ = {
			isa = PBXGroup;
			children = (
				317780211A80975C007057CD /* Section.h */,
				317780221A80975C007057CD /* Section.m */,
				317780231A80975C007057CD /* Tutorial.h */,
				317780241A80975C007057CD /* Tutorial.m */,
				317780251A80975C007057CD /* User.h */,
				317780261A80975C007057CD /* User.m */,
			);
			name = Human;
			sourceTree = "<group>";
		};
		317780321A80E471007057CD /* Mocks */ = {
			isa = PBXGroup;
			children = (
				3177802F1A80DFAB007057CD /* DataModelMock.h */,
				317780301A80DFAB007057CD /* DataModelMock.m */,
			);
			name = Mocks;
			sourceTree = "<group>";
		};
		317780331A80E532007057CD /* Cells */ = {
			isa = PBXGroup;
			children = (
				317780341A80E557007057CD /* TutorialTableViewCell.h */,
				317780351A80E557007057CD /* TutorialTableViewCell.m */,
			);
			name = Cells;
			sourceTree = "<group>";
		};
		317780371A80ED0D007057CD /* TutorialDetails */ = {
			isa = PBXGroup;
			children = (
				317780381A80ED2C007057CD /* TutorialDetailsViewController.h */,
				317780391A80ED2C007057CD /* TutorialDetailsViewController.m */,
			);
			name = TutorialDetails;
			sourceTree = "<group>";
		};
		318BA8111A7ABB6B0012F507 /* AppDelegate */ = {
			isa = PBXGroup;
			children = (
				31F116781A790F680022BD74 /* AppDelegate.h */,
				31F116791A790F680022BD74 /* AppDelegate.m */,
			);
			name = AppDelegate;
			sourceTree = "<group>";
		};
		318BA8121A7ABB730012F507 /* ViewControllers */ = {
			isa = PBXGroup;
			children = (
				31C122621A838A340069D49A /* UI Components */,
				317780331A80E532007057CD /* Cells */,
				317780061A7FED38007057CD /* Tabbar */,
				317780151A80061A007057CD /* Intro */,
			);
			name = ViewControllers;
			sourceTree = "<group>";
		};
		318EEAAB1A82DBC100B79E73 /* Styling */ = {
			isa = PBXGroup;
			children = (
				310308BA1A84D8E400B7F921 /* NavigationBar */,
				310308A91A83DE7900B7F921 /* AvatarStyling */,
				310308AD1A83DF7C00B7F921 /* Colors */,
				310308B91A84D8DD00B7F921 /* ApplicationAppearance */,
			);
			name = Styling;
			sourceTree = "<group>";
		};
		31B46D3F1A87AF58004EEA30 /* CreateTutorialButtons */ = {
			isa = PBXGroup;
			children = (
				31B46D401A87AF75004EEA30 /* CreateTutorialStepButtonsView.h */,
				31B46D411A87AF75004EEA30 /* CreateTutorialStepButtonsView.m */,
			);
			name = CreateTutorialButtons;
			sourceTree = "<group>";
		};
		31B46D431A87AFD1004EEA30 /* Storyboards */ = {
			isa = PBXGroup;
			children = (
				31F116811A790F680022BD74 /* Main.storyboard */,
			);
			name = Storyboards;
			sourceTree = "<group>";
		};
		31B735E01A87B4350081AE15 /* Create Tutorial */ = {
			isa = PBXGroup;
			children = (
				310308B61A84CB8C00B7F921 /* CreateTutorialView.xib */,
				31B735DE1A87B4270081AE15 /* CreateTutorialHeaderView.xib */,
				31B46D3D1A87AE61004EEA30 /* CreateTutorialStepButtonsView.xib */,
			);
			name = "Create Tutorial";
			sourceTree = "<group>";
		};
		31B735E11A87B5140081AE15 /* CreateTutorialHeaderView */ = {
			isa = PBXGroup;
			children = (
				31B735E21A87B52A0081AE15 /* CreateTutorialHeaderView.h */,
				31B735E31A87B52A0081AE15 /* CreateTutorialHeaderView.m */,
				31B735E51A87CC280081AE15 /* CreateTutorialHeaderViewController.h */,
				31B735E61A87CC280081AE15 /* CreateTutorialHeaderViewController.m */,
			);
			name = CreateTutorialHeaderView;
			sourceTree = "<group>";
		};
		31C1225F1A8388C40069D49A /* Xibs */ = {
			isa = PBXGroup;
			children = (
				31C122601A8388EB0069D49A /* PlayerInfoView.xib */,
				310308A61A83CC8F00B7F921 /* TutorialTableViewCell.xib */,
				31B735E01A87B4350081AE15 /* Create Tutorial */,
			);
			name = Xibs;
			sourceTree = "<group>";
		};
		31C122621A838A340069D49A /* UI Components */ = {
			isa = PBXGroup;
			children = (
				31B735E11A87B5140081AE15 /* CreateTutorialHeaderView */,
				31B46D3F1A87AF58004EEA30 /* CreateTutorialButtons */,
				31C122661A838A590069D49A /* PlayerInfo */,
			);
			name = "UI Components";
			sourceTree = "<group>";
		};
		31C122661A838A590069D49A /* PlayerInfo */ = {
			isa = PBXGroup;
			children = (
				31C122631A838A530069D49A /* PlayerInfoView.h */,
				31C122641A838A530069D49A /* PlayerInfoView.m */,
			);
			name = PlayerInfo;
			sourceTree = "<group>";
		};
		31DBC1921A7F14DC00740A97 /* Factories */ = {
			isa = PBXGroup;
			children = (
				31DBC1931A7F150F00740A97 /* AlertFactory.h */,
				31DBC1941A7F150F00740A97 /* AlertFactory.m */,
			);
			name = Factories;
			sourceTree = "<group>";
		};
		31F116681A790F680022BD74 = {
			isa = PBXGroup;
			children = (
				31F116731A790F680022BD74 /* PlayerAid */,
				31F116901A790F680022BD74 /* PlayerAidTests */,
				31F116721A790F680022BD74 /* Products */,
				D0249EBA475EA22D67FA6BDF /* Pods */,
				9941D48C7CF54B64C92CF46B /* Frameworks */,
			);
			sourceTree = "<group>";
		};
		31F116721A790F680022BD74 /* Products */ = {
			isa = PBXGroup;
			children = (
				31F116711A790F680022BD74 /* PlayerAid.app */,
				31F1168D1A790F680022BD74 /* PlayerAidTests.xctest */,
			);
			name = Products;
			sourceTree = "<group>";
		};
		31F116731A790F680022BD74 /* PlayerAid */ = {
			isa = PBXGroup;
			children = (
				3177801A1A80975C007057CD /* DataModel */,
				317780321A80E471007057CD /* Mocks */,
				318EEAAB1A82DBC100B79E73 /* Styling */,
				317780021A7FC6A7007057CD /* Helpers */,
				31777FF71A7F9426007057CD /* Controllers */,
				31DBC1921A7F14DC00740A97 /* Factories */,
				318BA8111A7ABB6B0012F507 /* AppDelegate */,
				318BA8121A7ABB730012F507 /* ViewControllers */,
				31B46D431A87AFD1004EEA30 /* Storyboards */,
				31C1225F1A8388C40069D49A /* Xibs */,
				31F116841A790F680022BD74 /* Images.xcassets */,
				31F116861A790F680022BD74 /* LaunchScreen.xib */,
				31F116741A790F680022BD74 /* Supporting Files */,
				317780171A80076C007057CD /* DataModel.xcdatamodeld */,
			);
			path = PlayerAid;
			sourceTree = "<group>";
		};
		31F116741A790F680022BD74 /* Supporting Files */ = {
			isa = PBXGroup;
			children = (
				31F116751A790F680022BD74 /* Info.plist */,
				31F116761A790F680022BD74 /* main.m */,
			);
			name = "Supporting Files";
			sourceTree = "<group>";
		};
		31F116901A790F680022BD74 /* PlayerAidTests */ = {
			isa = PBXGroup;
			children = (
				31F116931A790F680022BD74 /* PlayerAidTests.m */,
				31F116911A790F680022BD74 /* Supporting Files */,
			);
			path = PlayerAidTests;
			sourceTree = "<group>";
		};
		31F116911A790F680022BD74 /* Supporting Files */ = {
			isa = PBXGroup;
			children = (
				31F116921A790F680022BD74 /* Info.plist */,
			);
			name = "Supporting Files";
			sourceTree = "<group>";
		};
		9941D48C7CF54B64C92CF46B /* Frameworks */ = {
			isa = PBXGroup;
			children = (
				C4BF40B97ED22C5437512D96 /* libPods.a */,
			);
			name = Frameworks;
			sourceTree = "<group>";
		};
		D0249EBA475EA22D67FA6BDF /* Pods */ = {
			isa = PBXGroup;
			children = (
				27B874C80D61AAD736127BBC /* Pods.debug.xcconfig */,
				2250F9FBF5E8C664F2A00ECB /* Pods.release.xcconfig */,
			);
			name = Pods;
			sourceTree = "<group>";
		};
/* End PBXGroup section */

/* Begin PBXNativeTarget section */
		31F116701A790F680022BD74 /* PlayerAid */ = {
			isa = PBXNativeTarget;
			buildConfigurationList = 31F116971A790F680022BD74 /* Build configuration list for PBXNativeTarget "PlayerAid" */;
			buildPhases = (
				B6821B324A3E7E8572D3EABB /* Check Pods Manifest.lock */,
				31F1166D1A790F680022BD74 /* Sources */,
				31F1166E1A790F680022BD74 /* Frameworks */,
				31F1166F1A790F680022BD74 /* Resources */,
				F95CF7ED4A5B876721BE5271 /* Copy Pods Resources */,
			);
			buildRules = (
			);
			dependencies = (
			);
			name = PlayerAid;
			productName = PlayerAid;
			productReference = 31F116711A790F680022BD74 /* PlayerAid.app */;
			productType = "com.apple.product-type.application";
		};
		31F1168C1A790F680022BD74 /* PlayerAidTests */ = {
			isa = PBXNativeTarget;
			buildConfigurationList = 31F1169A1A790F680022BD74 /* Build configuration list for PBXNativeTarget "PlayerAidTests" */;
			buildPhases = (
				31F116891A790F680022BD74 /* Sources */,
				31F1168A1A790F680022BD74 /* Frameworks */,
				31F1168B1A790F680022BD74 /* Resources */,
			);
			buildRules = (
			);
			dependencies = (
				31F1168F1A790F680022BD74 /* PBXTargetDependency */,
			);
			name = PlayerAidTests;
			productName = PlayerAidTests;
			productReference = 31F1168D1A790F680022BD74 /* PlayerAidTests.xctest */;
			productType = "com.apple.product-type.bundle.unit-test";
		};
/* End PBXNativeTarget section */

/* Begin PBXProject section */
		31F116691A790F680022BD74 /* Project object */ = {
			isa = PBXProject;
			attributes = {
				LastUpgradeCheck = 0620;
				TargetAttributes = {
					31F116701A790F680022BD74 = {
						CreatedOnToolsVersion = 6.2;
						DevelopmentTeam = DS39GPXELZ;
					};
					31F1168C1A790F680022BD74 = {
						CreatedOnToolsVersion = 6.2;
						TestTargetID = 31F116701A790F680022BD74;
					};
				};
			};
			buildConfigurationList = 31F1166C1A790F680022BD74 /* Build configuration list for PBXProject "PlayerAid" */;
			compatibilityVersion = "Xcode 3.2";
			developmentRegion = English;
			hasScannedForEncodings = 0;
			knownRegions = (
				en,
				Base,
			);
			mainGroup = 31F116681A790F680022BD74;
			productRefGroup = 31F116721A790F680022BD74 /* Products */;
			projectDirPath = "";
			projectRoot = "";
			targets = (
				31F116701A790F680022BD74 /* PlayerAid */,
				31F1168C1A790F680022BD74 /* PlayerAidTests */,
			);
		};
/* End PBXProject section */

/* Begin PBXResourcesBuildPhase section */
		31F1166F1A790F680022BD74 /* Resources */ = {
			isa = PBXResourcesBuildPhase;
			buildActionMask = 2147483647;
			files = (
				310308B71A84CB8C00B7F921 /* CreateTutorialView.xib in Resources */,
				31B735DF1A87B4270081AE15 /* CreateTutorialHeaderView.xib in Resources */,
				31C122611A8388EB0069D49A /* PlayerInfoView.xib in Resources */,
				310308A71A83CC8F00B7F921 /* TutorialTableViewCell.xib in Resources */,
				31B46D3E1A87AE61004EEA30 /* CreateTutorialStepButtonsView.xib in Resources */,
				31F116831A790F680022BD74 /* Main.storyboard in Resources */,
				31F116881A790F680022BD74 /* LaunchScreen.xib in Resources */,
				31F116851A790F680022BD74 /* Images.xcassets in Resources */,
			);
			runOnlyForDeploymentPostprocessing = 0;
		};
		31F1168B1A790F680022BD74 /* Resources */ = {
			isa = PBXResourcesBuildPhase;
			buildActionMask = 2147483647;
			files = (
			);
			runOnlyForDeploymentPostprocessing = 0;
		};
/* End PBXResourcesBuildPhase section */

/* Begin PBXShellScriptBuildPhase section */
		B6821B324A3E7E8572D3EABB /* Check Pods Manifest.lock */ = {
			isa = PBXShellScriptBuildPhase;
			buildActionMask = 2147483647;
			files = (
			);
			inputPaths = (
			);
			name = "Check Pods Manifest.lock";
			outputPaths = (
			);
			runOnlyForDeploymentPostprocessing = 0;
			shellPath = /bin/sh;
			shellScript = "diff \"${PODS_ROOT}/../Podfile.lock\" \"${PODS_ROOT}/Manifest.lock\" > /dev/null\nif [[ $? != 0 ]] ; then\n    cat << EOM\nerror: The sandbox is not in sync with the Podfile.lock. Run 'pod install' or update your CocoaPods installation.\nEOM\n    exit 1\nfi\n";
			showEnvVarsInLog = 0;
		};
		F95CF7ED4A5B876721BE5271 /* Copy Pods Resources */ = {
			isa = PBXShellScriptBuildPhase;
			buildActionMask = 2147483647;
			files = (
			);
			inputPaths = (
			);
			name = "Copy Pods Resources";
			outputPaths = (
			);
			runOnlyForDeploymentPostprocessing = 0;
			shellPath = /bin/sh;
			shellScript = "\"${SRCROOT}/Pods/Target Support Files/Pods/Pods-resources.sh\"\n";
			showEnvVarsInLog = 0;
		};
/* End PBXShellScriptBuildPhase section */

/* Begin PBXSourcesBuildPhase section */
		31F1166D1A790F680022BD74 /* Sources */ = {
			isa = PBXSourcesBuildPhase;
			buildActionMask = 2147483647;
			files = (
				3177802C1A80975C007057CD /* User.m in Sources */,
				31F116801A790F680022BD74 /* BrowseTutorialsViewController.m in Sources */,
				317780311A80DFAB007057CD /* DataModelMock.m in Sources */,
				317780101A80049A007057CD /* TutorialsTableDataSource.m in Sources */,
				31777FFA1A7F9445007057CD /* FacebookAuthenticationController.m in Sources */,
				3177802B1A80975C007057CD /* Tutorial.m in Sources */,
				31B735EA1A87D8160081AE15 /* ApplicationViewHierarchyHelper.m in Sources */,
				3177803A1A80ED2C007057CD /* TutorialDetailsViewController.m in Sources */,
				310308B51A84C94400B7F921 /* TabBarControllerHandler.m in Sources */,
				31B46D421A87AF75004EEA30 /* CreateTutorialStepButtonsView.m in Sources */,
				317780191A80076C007057CD /* DataModel.xcdatamodeld in Sources */,
				31B735E41A87B52A0081AE15 /* CreateTutorialHeaderView.m in Sources */,
				31F1167A1A790F680022BD74 /* AppDelegate.m in Sources */,
				3177800C1A7FED7A007057CD /* SettingsViewController.m in Sources */,
				310308C11A863F6300B7F921 /* UIView+XibLoading.m in Sources */,
				31777FFD1A7FA5FE007057CD /* ServerCommunicationController.m in Sources */,
				318EEAA71A82D9B000B79E73 /* AppearanceCustomizationHelper.m in Sources */,
				317780051A7FC6B6007057CD /* DataExtractionHelper.m in Sources */,
				31F1167D1A790F680022BD74 /* HomeViewController.m in Sources */,
				317780281A80975C007057CD /* _Tutorial.m in Sources */,
				31C122651A838A530069D49A /* PlayerInfoView.m in Sources */,
				317780091A7FED4F007057CD /* ProfileViewController.m in Sources */,
				317780011A7FBFBC007057CD /* AuthenticationController.m in Sources */,
				317780361A80E557007057CD /* TutorialTableViewCell.m in Sources */,
				31B735E71A87CC280081AE15 /* CreateTutorialHeaderViewController.m in Sources */,
				317780291A80975C007057CD /* _User.m in Sources */,
				310308BD1A84D90B00B7F921 /* NavigationBarCustomizationHelper.m in Sources */,
				310308B11A83FA9400B7F921 /* CreateTutorialViewController.m in Sources */,
				318EEAAA1A82DBBC00B79E73 /* ColorsHelper.m in Sources */,
				31DBC1951A7F150F00740A97 /* AlertFactory.m in Sources */,
				31F116771A790F680022BD74 /* main.m in Sources */,
				31DBC1911A7F03D300740A97 /* IntroViewController.m in Sources */,
				310308AC1A83DEC100B7F921 /* UIImageView+AvatarStyling.m in Sources */,
				317780271A80975C007057CD /* _Section.m in Sources */,
				3177802A1A80975C007057CD /* Section.m in Sources */,
			);
			runOnlyForDeploymentPostprocessing = 0;
		};
		31F116891A790F680022BD74 /* Sources */ = {
			isa = PBXSourcesBuildPhase;
			buildActionMask = 2147483647;
			files = (
				31F116941A790F680022BD74 /* PlayerAidTests.m in Sources */,
			);
			runOnlyForDeploymentPostprocessing = 0;
		};
/* End PBXSourcesBuildPhase section */

/* Begin PBXTargetDependency section */
		31F1168F1A790F680022BD74 /* PBXTargetDependency */ = {
			isa = PBXTargetDependency;
			target = 31F116701A790F680022BD74 /* PlayerAid */;
			targetProxy = 31F1168E1A790F680022BD74 /* PBXContainerItemProxy */;
		};
/* End PBXTargetDependency section */

/* Begin PBXVariantGroup section */
		31F116811A790F680022BD74 /* Main.storyboard */ = {
			isa = PBXVariantGroup;
			children = (
				31F116821A790F680022BD74 /* Base */,
			);
			name = Main.storyboard;
			sourceTree = "<group>";
		};
		31F116861A790F680022BD74 /* LaunchScreen.xib */ = {
			isa = PBXVariantGroup;
			children = (
				31F116871A790F680022BD74 /* Base */,
			);
			name = LaunchScreen.xib;
			sourceTree = "<group>";
		};
/* End PBXVariantGroup section */

/* Begin XCBuildConfiguration section */
		31F116951A790F680022BD74 /* Debug */ = {
			isa = XCBuildConfiguration;
			buildSettings = {
				ALWAYS_SEARCH_USER_PATHS = NO;
				CLANG_CXX_LANGUAGE_STANDARD = "gnu++0x";
				CLANG_CXX_LIBRARY = "libc++";
				CLANG_ENABLE_MODULES = YES;
				CLANG_ENABLE_OBJC_ARC = YES;
				CLANG_WARN_BOOL_CONVERSION = YES;
				CLANG_WARN_CONSTANT_CONVERSION = YES;
				CLANG_WARN_DIRECT_OBJC_ISA_USAGE = YES_ERROR;
				CLANG_WARN_EMPTY_BODY = YES;
				CLANG_WARN_ENUM_CONVERSION = YES;
				CLANG_WARN_INT_CONVERSION = YES;
				CLANG_WARN_OBJC_ROOT_CLASS = YES_ERROR;
				CLANG_WARN_UNREACHABLE_CODE = YES;
				CLANG_WARN__DUPLICATE_METHOD_MATCH = YES;
				"CODE_SIGN_IDENTITY[sdk=iphoneos*]" = "iPhone Developer";
				COPY_PHASE_STRIP = NO;
				ENABLE_STRICT_OBJC_MSGSEND = YES;
				GCC_C_LANGUAGE_STANDARD = gnu99;
				GCC_DYNAMIC_NO_PIC = NO;
				GCC_OPTIMIZATION_LEVEL = 0;
				GCC_PREPROCESSOR_DEFINITIONS = (
					"DEBUG=1",
					"$(inherited)",
				);
				GCC_SYMBOLS_PRIVATE_EXTERN = NO;
				GCC_WARN_64_TO_32_BIT_CONVERSION = YES;
				GCC_WARN_ABOUT_RETURN_TYPE = YES_ERROR;
				GCC_WARN_UNDECLARED_SELECTOR = YES;
				GCC_WARN_UNINITIALIZED_AUTOS = YES_AGGRESSIVE;
				GCC_WARN_UNUSED_FUNCTION = YES;
				GCC_WARN_UNUSED_VARIABLE = YES;
				IPHONEOS_DEPLOYMENT_TARGET = 8.2;
				MTL_ENABLE_DEBUG_INFO = YES;
				ONLY_ACTIVE_ARCH = YES;
				SDKROOT = iphoneos;
			};
			name = Debug;
		};
		31F116961A790F680022BD74 /* Release */ = {
			isa = XCBuildConfiguration;
			buildSettings = {
				ALWAYS_SEARCH_USER_PATHS = NO;
				CLANG_CXX_LANGUAGE_STANDARD = "gnu++0x";
				CLANG_CXX_LIBRARY = "libc++";
				CLANG_ENABLE_MODULES = YES;
				CLANG_ENABLE_OBJC_ARC = YES;
				CLANG_WARN_BOOL_CONVERSION = YES;
				CLANG_WARN_CONSTANT_CONVERSION = YES;
				CLANG_WARN_DIRECT_OBJC_ISA_USAGE = YES_ERROR;
				CLANG_WARN_EMPTY_BODY = YES;
				CLANG_WARN_ENUM_CONVERSION = YES;
				CLANG_WARN_INT_CONVERSION = YES;
				CLANG_WARN_OBJC_ROOT_CLASS = YES_ERROR;
				CLANG_WARN_UNREACHABLE_CODE = YES;
				CLANG_WARN__DUPLICATE_METHOD_MATCH = YES;
				"CODE_SIGN_IDENTITY[sdk=iphoneos*]" = "iPhone Developer";
				COPY_PHASE_STRIP = YES;
				ENABLE_NS_ASSERTIONS = NO;
				ENABLE_STRICT_OBJC_MSGSEND = YES;
				GCC_C_LANGUAGE_STANDARD = gnu99;
				GCC_WARN_64_TO_32_BIT_CONVERSION = YES;
				GCC_WARN_ABOUT_RETURN_TYPE = YES_ERROR;
				GCC_WARN_UNDECLARED_SELECTOR = YES;
				GCC_WARN_UNINITIALIZED_AUTOS = YES_AGGRESSIVE;
				GCC_WARN_UNUSED_FUNCTION = YES;
				GCC_WARN_UNUSED_VARIABLE = YES;
				IPHONEOS_DEPLOYMENT_TARGET = 8.2;
				MTL_ENABLE_DEBUG_INFO = NO;
				SDKROOT = iphoneos;
				VALIDATE_PRODUCT = YES;
			};
			name = Release;
		};
		31F116981A790F680022BD74 /* Debug */ = {
			isa = XCBuildConfiguration;
			baseConfigurationReference = 27B874C80D61AAD736127BBC /* Pods.debug.xcconfig */;
			buildSettings = {
				ASSETCATALOG_COMPILER_APPICON_NAME = AppIcon;
				ASSETCATALOG_COMPILER_LAUNCHIMAGE_NAME = LaunchImage;
				"CODE_SIGN_IDENTITY[sdk=iphoneos*]" = "iPhone Developer: Tomasz Wyszomirski (992458E4DU)";
				INFOPLIST_FILE = PlayerAid/Info.plist;
				IPHONEOS_DEPLOYMENT_TARGET = 7.0;
				LD_RUNPATH_SEARCH_PATHS = "$(inherited) @executable_path/Frameworks";
				PRODUCT_NAME = "$(TARGET_NAME)";
			};
			name = Debug;
		};
		31F116991A790F680022BD74 /* Release */ = {
			isa = XCBuildConfiguration;
			baseConfigurationReference = 2250F9FBF5E8C664F2A00ECB /* Pods.release.xcconfig */;
			buildSettings = {
				ASSETCATALOG_COMPILER_APPICON_NAME = AppIcon;
				ASSETCATALOG_COMPILER_LAUNCHIMAGE_NAME = LaunchImage;
				INFOPLIST_FILE = PlayerAid/Info.plist;
				IPHONEOS_DEPLOYMENT_TARGET = 7.0;
				LD_RUNPATH_SEARCH_PATHS = "$(inherited) @executable_path/Frameworks";
				PRODUCT_NAME = "$(TARGET_NAME)";
			};
			name = Release;
		};
		31F1169B1A790F680022BD74 /* Debug */ = {
			isa = XCBuildConfiguration;
			buildSettings = {
				BUNDLE_LOADER = "$(TEST_HOST)";
				FRAMEWORK_SEARCH_PATHS = (
					"$(SDKROOT)/Developer/Library/Frameworks",
					"$(inherited)",
				);
				GCC_PREPROCESSOR_DEFINITIONS = (
					"DEBUG=1",
					"$(inherited)",
				);
				INFOPLIST_FILE = PlayerAidTests/Info.plist;
				IPHONEOS_DEPLOYMENT_TARGET = 8.0;
				LD_RUNPATH_SEARCH_PATHS = "$(inherited) @executable_path/Frameworks @loader_path/Frameworks";
				PRODUCT_NAME = "$(TARGET_NAME)";
				TEST_HOST = "$(BUILT_PRODUCTS_DIR)/PlayerAid.app/PlayerAid";
			};
			name = Debug;
		};
		31F1169C1A790F680022BD74 /* Release */ = {
			isa = XCBuildConfiguration;
			buildSettings = {
				BUNDLE_LOADER = "$(TEST_HOST)";
				FRAMEWORK_SEARCH_PATHS = (
					"$(SDKROOT)/Developer/Library/Frameworks",
					"$(inherited)",
				);
				INFOPLIST_FILE = PlayerAidTests/Info.plist;
				IPHONEOS_DEPLOYMENT_TARGET = 8.0;
				LD_RUNPATH_SEARCH_PATHS = "$(inherited) @executable_path/Frameworks @loader_path/Frameworks";
				PRODUCT_NAME = "$(TARGET_NAME)";
				TEST_HOST = "$(BUILT_PRODUCTS_DIR)/PlayerAid.app/PlayerAid";
			};
			name = Release;
		};
/* End XCBuildConfiguration section */

/* Begin XCConfigurationList section */
		31F1166C1A790F680022BD74 /* Build configuration list for PBXProject "PlayerAid" */ = {
			isa = XCConfigurationList;
			buildConfigurations = (
				31F116951A790F680022BD74 /* Debug */,
				31F116961A790F680022BD74 /* Release */,
			);
			defaultConfigurationIsVisible = 0;
			defaultConfigurationName = Release;
		};
		31F116971A790F680022BD74 /* Build configuration list for PBXNativeTarget "PlayerAid" */ = {
			isa = XCConfigurationList;
			buildConfigurations = (
				31F116981A790F680022BD74 /* Debug */,
				31F116991A790F680022BD74 /* Release */,
			);
			defaultConfigurationIsVisible = 0;
			defaultConfigurationName = Release;
		};
		31F1169A1A790F680022BD74 /* Build configuration list for PBXNativeTarget "PlayerAidTests" */ = {
			isa = XCConfigurationList;
			buildConfigurations = (
				31F1169B1A790F680022BD74 /* Debug */,
				31F1169C1A790F680022BD74 /* Release */,
			);
			defaultConfigurationIsVisible = 0;
			defaultConfigurationName = Release;
		};
/* End XCConfigurationList section */

/* Begin XCVersionGroup section */
		317780171A80076C007057CD /* DataModel.xcdatamodeld */ = {
			isa = XCVersionGroup;
			children = (
				317780181A80076C007057CD /* DataModel.xcdatamodel */,
			);
			currentVersion = 317780181A80076C007057CD /* DataModel.xcdatamodel */;
			path = DataModel.xcdatamodeld;
			sourceTree = "<group>";
			versionGroupType = wrapper.xcdatamodel;
		};
/* End XCVersionGroup section */
	};
	rootObject = 31F116691A790F680022BD74 /* Project object */;
}
